
Microsoft Visual Studio Solution File, Format Version 12.00
# Visual Studio 2012
Project("{2150E333-8FDC-42A3-9474-1A3956D46DE8}") = "Solution Items", "Solution Items", "{04174231-BCBE-4159-8C17-5BAB50864100}"
	ProjectSection(SolutionItems) = preProject
		Local.testsettings = Local.testsettings
		OnlineTestingService.vsmdi = OnlineTestingService.vsmdi
		TraceAndTestImpact.testsettings = TraceAndTestImpact.testsettings
	EndProjectSection
EndProject
Project("{FAE04EC0-301F-11D3-BF4B-00C04F79EFBC}") = "OnlineTestingService", "OnlineTestingService\OnlineTestingService.csproj", "{80A33148-284D-4F74-97D1-8E931AF75270}"
EndProject
Project("{FAE04EC0-301F-11D3-BF4B-00C04F79EFBC}") = "OnlineTestingServiceTests", "OnlineTestingServiceTests\OnlineTestingServiceTests.csproj", "{B13D84C7-155B-40D8-97FD-D6FC2D6E8470}"
EndProject
Project("{FAE04EC0-301F-11D3-BF4B-00C04F79EFBC}") = "OnlineTestingService.BusinessLogic", "OnlineTestingService.BusinessLogic\OnlineTestingService.BusinessLogic.csproj", "{3CE29BF7-DAEE-4974-ADBF-840723D07F52}"
EndProject
Project("{FAE04EC0-301F-11D3-BF4B-00C04F79EFBC}") = "OnlineTestingService.SampleData", "OnlineTestingService.SampleData\OnlineTestingService.SampleData.csproj", "{C226E444-F793-4ACC-87B8-03AA03156259}"
EndProject
Global
	GlobalSection(TestCaseManagementSettings) = postSolution
		CategoryFile = OnlineTestingService.vsmdi
	EndGlobalSection
	GlobalSection(SolutionConfigurationPlatforms) = preSolution
		Debug|Any CPU = Debug|Any CPU
		Release|Any CPU = Release|Any CPU
	EndGlobalSection
	GlobalSection(ProjectConfigurationPlatforms) = postSolution
		{80A33148-284D-4F74-97D1-8E931AF75270}.Debug|Any CPU.ActiveCfg = Debug|Any CPU
		{80A33148-284D-4F74-97D1-8E931AF75270}.Debug|Any CPU.Build.0 = Debug|Any CPU
		{80A33148-284D-4F74-97D1-8E931AF75270}.Release|Any CPU.ActiveCfg = Release|Any CPU
		{80A33148-284D-4F74-97D1-8E931AF75270}.Release|Any CPU.Build.0 = Release|Any CPU
		{B13D84C7-155B-40D8-97FD-D6FC2D6E8470}.Debug|Any CPU.ActiveCfg = Debug|Any CPU
		{B13D84C7-155B-40D8-97FD-D6FC2D6E8470}.Debug|Any CPU.Build.0 = Debug|Any CPU
		{B13D84C7-155B-40D8-97FD-D6FC2D6E8470}.Release|Any CPU.ActiveCfg = Release|Any CPU
		{B13D84C7-155B-40D8-97FD-D6FC2D6E8470}.Release|Any CPU.Build.0 = Release|Any CPU
		{3CE29BF7-DAEE-4974-ADBF-840723D07F52}.Debug|Any CPU.ActiveCfg = Debug|Any CPU
		{3CE29BF7-DAEE-4974-ADBF-840723D07F52}.Debug|Any CPU.Build.0 = Debug|Any CPU
		{3CE29BF7-DAEE-4974-ADBF-840723D07F52}.Release|Any CPU.ActiveCfg = Release|Any CPU
		{3CE29BF7-DAEE-4974-ADBF-840723D07F52}.Release|Any CPU.Build.0 = Release|Any CPU
		{C226E444-F793-4ACC-87B8-03AA03156259}.Debug|Any CPU.ActiveCfg = Debug|Any CPU
		{C226E444-F793-4ACC-87B8-03AA03156259}.Debug|Any CPU.Build.0 = Debug|Any CPU
		{C226E444-F793-4ACC-87B8-03AA03156259}.Release|Any CPU.ActiveCfg = Release|Any CPU
		{C226E444-F793-4ACC-87B8-03AA03156259}.Release|Any CPU.Build.0 = Release|Any CPU
	EndGlobalSection
	GlobalSection(SolutionProperties) = preSolution
		HideSolutionNode = FALSE
	EndGlobalSection
EndGlobal
